
Microsoft Visual Studio Solution File, Format Version 12.00
# Visual Studio Version 17
VisualStudioVersion = 17.4.33213.308
MinimumVisualStudioVersion = 10.0.40219.1
Project("{FAE04EC0-301F-11D3-BF4B-00C04F79EFBC}") = "OddValues", "OddValues\OddValues.csproj", "{5B32884F-DE41-4E8E-A91F-FCF04172281F}"
EndProject
Global
	GlobalSection(SolutionConfigurationPlatforms) = preSolution
		Debug|Any CPU = Debug|Any CPU
		Release|Any CPU = Release|Any CPU
	EndGlobalSection
	GlobalSection(ProjectConfigurationPlatforms) = postSolution
		{5B32884F-DE41-4E8E-A91F-FCF04172281F}.Debug|Any CPU.ActiveCfg = Debug|Any CPU
		{5B32884F-DE41-4E8E-A91F-FCF04172281F}.Debug|Any CPU.Build.0 = Debug|Any CPU
		{5B32884F-DE41-4E8E-A91F-FCF04172281F}.Release|Any CPU.ActiveCfg = Release|Any CPU
		{5B32884F-DE41-4E8E-A91F-FCF04172281F}.Release|Any CPU.Build.0 = Release|Any CPU
	EndGlobalSection
	GlobalSection(SolutionProperties) = preSolution
		HideSolutionNode = FALSE
	EndGlobalSection
	GlobalSection(ExtensibilityGlobals) = postSolution
		SolutionGuid = {366CC01D-EE86-4040-89C2-2650034F323D}
	EndGlobalSection
EndGlobal
